{
  "version": 4,
  "terraform_version": "1.2.7",
  "serial": 4,
  "lineage": "3e76cf1a-7931-86f3-851a-36ab36907258",
  "outputs": {},
  "resources": [
    {
      "mode": "managed",
      "type": "random_string",
      "name": "random_str",
      "provider": "provider[\"registry.terraform.io/hashicorp/random\"]",
      "instances": [
        {
          "schema_version": 2,
          "attributes": {
            "id": "idcZfUjfoWo3TKFO7fCff4QQ",
            "keepers": null,
            "length": 24,
            "lower": true,
            "min_lower": 0,
            "min_numeric": 0,
            "min_special": 0,
            "min_upper": 0,
            "number": true,
            "numeric": true,
            "override_special": null,
            "result": "idcZfUjfoWo3TKFO7fCff4QQ",
            "special": false,
            "upper": true
          },
          "sensitive_attributes": [],
          "private": "eyJzY2hlbWFfdmVyc2lvbiI6IjIifQ=="
        }
      ]
    }
  ]
}
